
Microsoft Visual Studio Solution File, Format Version 12.00
# Visual Studio Version 17
VisualStudioVersion = 17.2.32526.322
MinimumVisualStudioVersion = 10.0.40219.1
Project("{FAE04EC0-301F-11D3-BF4B-00C04F79EFBC}") = "TimeComplexity", "TimeComplexity.csproj", "{B9F5F60E-E900-4FB7-ABF0-7C0B3CE5E724}"
EndProject
Project("{FAE04EC0-301F-11D3-BF4B-00C04F79EFBC}") = "TimeComplexity.Tests", "..\TimeComplexity.Tests\TimeComplexity.Tests.csproj", "{A1EC2044-240F-4555-A444-D079C24875C1}"
EndProject
Global
	GlobalSection(SolutionConfigurationPlatforms) = preSolution
		Debug|Any CPU = Debug|Any CPU
		Release|Any CPU = Release|Any CPU
	EndGlobalSection
	GlobalSection(ProjectConfigurationPlatforms) = postSolution
		{B9F5F60E-E900-4FB7-ABF0-7C0B3CE5E724}.Debug|Any CPU.ActiveCfg = Debug|Any CPU
		{B9F5F60E-E900-4FB7-ABF0-7C0B3CE5E724}.Debug|Any CPU.Build.0 = Debug|Any CPU
		{B9F5F60E-E900-4FB7-ABF0-7C0B3CE5E724}.Release|Any CPU.ActiveCfg = Release|Any CPU
		{B9F5F60E-E900-4FB7-ABF0-7C0B3CE5E724}.Release|Any CPU.Build.0 = Release|Any CPU
		{A1EC2044-240F-4555-A444-D079C24875C1}.Debug|Any CPU.ActiveCfg = Debug|Any CPU
		{A1EC2044-240F-4555-A444-D079C24875C1}.Debug|Any CPU.Build.0 = Debug|Any CPU
		{A1EC2044-240F-4555-A444-D079C24875C1}.Release|Any CPU.ActiveCfg = Release|Any CPU
		{A1EC2044-240F-4555-A444-D079C24875C1}.Release|Any CPU.Build.0 = Release|Any CPU
	EndGlobalSection
	GlobalSection(SolutionProperties) = preSolution
		HideSolutionNode = FALSE
	EndGlobalSection
	GlobalSection(ExtensibilityGlobals) = postSolution
		SolutionGuid = {DB7A22A1-EBBE-4539-9D16-5D43BC0B3B1C}
	EndGlobalSection
EndGlobal
